
Microsoft Visual Studio Solution File, Format Version 12.00
Project("{FAE04EC0-301F-11D3-BF4B-00C04F79EFBC}") = "FleckTest", "FleckTest\FleckTest.csproj", "{9E1BBAB4-DA39-4C60-89BF-81FE55FEB0D9}"
EndProject
Project("{FAE04EC0-301F-11D3-BF4B-00C04F79EFBC}") = "Tests", "Tests\Tests.csproj", "{B34FDF17-041C-4B0E-825C-ED9990EB11DD}"
EndProject
Global
	GlobalSection(SolutionConfigurationPlatforms) = preSolution
		Debug|Any CPU = Debug|Any CPU
		Release|Any CPU = Release|Any CPU
	EndGlobalSection
	GlobalSection(ProjectConfigurationPlatforms) = postSolution
		{9E1BBAB4-DA39-4C60-89BF-81FE55FEB0D9}.Debug|Any CPU.ActiveCfg = Debug|Any CPU
		{9E1BBAB4-DA39-4C60-89BF-81FE55FEB0D9}.Debug|Any CPU.Build.0 = Debug|Any CPU
		{9E1BBAB4-DA39-4C60-89BF-81FE55FEB0D9}.Release|Any CPU.ActiveCfg = Release|Any CPU
		{9E1BBAB4-DA39-4C60-89BF-81FE55FEB0D9}.Release|Any CPU.Build.0 = Release|Any CPU
		{B34FDF17-041C-4B0E-825C-ED9990EB11DD}.Debug|Any CPU.ActiveCfg = Debug|Any CPU
		{B34FDF17-041C-4B0E-825C-ED9990EB11DD}.Debug|Any CPU.Build.0 = Debug|Any CPU
		{B34FDF17-041C-4B0E-825C-ED9990EB11DD}.Release|Any CPU.ActiveCfg = Release|Any CPU
		{B34FDF17-041C-4B0E-825C-ED9990EB11DD}.Release|Any CPU.Build.0 = Release|Any CPU
	EndGlobalSection
EndGlobal
